// !$*UTF8*$!
{
	archiveVersion = 1;
	classes = {
	};
	objectVersion = 56;
	objects = {

/* Begin PBXBuildFile section */
		2947C9472D0D7E7800937F5B /* Product.swift in Sources */ = {isa = PBXBuildFile; fileRef = 2947C9462D0D7E7800937F5B /* Product.swift */; };
		2947C94A2D0D818B00937F5B /* APIConstants.swift in Sources */ = {isa = PBXBuildFile; fileRef = 2947C9492D0D818B00937F5B /* APIConstants.swift */; };
		2947C94C2D0D81B500937F5B /* NetworkError.swift in Sources */ = {isa = PBXBuildFile; fileRef = 2947C94B2D0D81B500937F5B /* NetworkError.swift */; };
		2947C94E2D0DDF1800937F5B /* Coordinator.swift in Sources */ = {isa = PBXBuildFile; fileRef = 2947C94D2D0DDF1800937F5B /* Coordinator.swift */; };
		2947C9502D0DDFAD00937F5B /* MainTabBarController.swift in Sources */ = {isa = PBXBuildFile; fileRef = 2947C94F2D0DDFAD00937F5B /* MainTabBarController.swift */; };
		2947C9522D0E041400937F5B /* HomeScreenCoordinator.swift in Sources */ = {isa = PBXBuildFile; fileRef = 2947C9512D0E041400937F5B /* HomeScreenCoordinator.swift */; };
		2947C9542D0E041E00937F5B /* ExploreScreenCoordinator.swift in Sources */ = {isa = PBXBuildFile; fileRef = 2947C9532D0E041E00937F5B /* ExploreScreenCoordinator.swift */; };
		2947C9562D0E042800937F5B /* ProfileScreenCoordinator.swift in Sources */ = {isa = PBXBuildFile; fileRef = 2947C9552D0E042800937F5B /* ProfileScreenCoordinator.swift */; };
		2947C9582D0E043100937F5B /* CartScreenCoordinator.swift in Sources */ = {isa = PBXBuildFile; fileRef = 2947C9572D0E043100937F5B /* CartScreenCoordinator.swift */; };
		2947C95A2D0E2D4C00937F5B /* TabCoordinator.swift in Sources */ = {isa = PBXBuildFile; fileRef = 2947C9592D0E2D4C00937F5B /* TabCoordinator.swift */; };
		2947C95C2D0E2DA700937F5B /* TabBarPage.swift in Sources */ = {isa = PBXBuildFile; fileRef = 2947C95B2D0E2DA700937F5B /* TabBarPage.swift */; };
		2947C95E2D0E2F9300937F5B /* HomeScreenViewController.swift in Sources */ = {isa = PBXBuildFile; fileRef = 2947C95D2D0E2F9300937F5B /* HomeScreenViewController.swift */; };
		2947C9602D0E2F9C00937F5B /* ExploreScreenViewController.swift in Sources */ = {isa = PBXBuildFile; fileRef = 2947C95F2D0E2F9C00937F5B /* ExploreScreenViewController.swift */; };
		2947C9622D0E2FA400937F5B /* ProfileScreenViewController.swift in Sources */ = {isa = PBXBuildFile; fileRef = 2947C9612D0E2FA400937F5B /* ProfileScreenViewController.swift */; };
		2947C9642D0E2FAE00937F5B /* CartScreenViewController.swift in Sources */ = {isa = PBXBuildFile; fileRef = 2947C9632D0E2FAE00937F5B /* CartScreenViewController.swift */; };
		2947C9662D0EE7F300937F5B /* Storyboarded.swift in Sources */ = {isa = PBXBuildFile; fileRef = 2947C9652D0EE7F300937F5B /* Storyboarded.swift */; };
		29A1CBB52D0D7C0A004C4817 /* AppDelegate.swift in Sources */ = {isa = PBXBuildFile; fileRef = 29A1CBB42D0D7C0A004C4817 /* AppDelegate.swift */; };
		29A1CBB72D0D7C0A004C4817 /* SceneDelegate.swift in Sources */ = {isa = PBXBuildFile; fileRef = 29A1CBB62D0D7C0A004C4817 /* SceneDelegate.swift */; };
		29A1CBB92D0D7C0A004C4817 /* ViewController.swift in Sources */ = {isa = PBXBuildFile; fileRef = 29A1CBB82D0D7C0A004C4817 /* ViewController.swift */; };
		29A1CBBC2D0D7C0A004C4817 /* Main.storyboard in Resources */ = {isa = PBXBuildFile; fileRef = 29A1CBBA2D0D7C0A004C4817 /* Main.storyboard */; };
		29A1CBBE2D0D7C0D004C4817 /* Assets.xcassets in Resources */ = {isa = PBXBuildFile; fileRef = 29A1CBBD2D0D7C0D004C4817 /* Assets.xcassets */; };
		29A1CBC12D0D7C0D004C4817 /* LaunchScreen.storyboard in Resources */ = {isa = PBXBuildFile; fileRef = 29A1CBBF2D0D7C0D004C4817 /* LaunchScreen.storyboard */; };
		29A1CBCC2D0D7C0D004C4817 /* MyStoreTests.swift in Sources */ = {isa = PBXBuildFile; fileRef = 29A1CBCB2D0D7C0D004C4817 /* MyStoreTests.swift */; };
		29A1CBD62D0D7C0D004C4817 /* MyStoreUITests.swift in Sources */ = {isa = PBXBuildFile; fileRef = 29A1CBD52D0D7C0D004C4817 /* MyStoreUITests.swift */; };
		29A1CBD82D0D7C0D004C4817 /* MyStoreUITestsLaunchTests.swift in Sources */ = {isa = PBXBuildFile; fileRef = 29A1CBD72D0D7C0D004C4817 /* MyStoreUITestsLaunchTests.swift */; };
/* End PBXBuildFile section */

/* Begin PBXContainerItemProxy section */
		29A1CBC82D0D7C0D004C4817 /* PBXContainerItemProxy */ = {
			isa = PBXContainerItemProxy;
			containerPortal = 29A1CBA92D0D7C0A004C4817 /* Project object */;
			proxyType = 1;
			remoteGlobalIDString = 29A1CBB02D0D7C0A004C4817;
			remoteInfo = MyStore;
		};
		29A1CBD22D0D7C0D004C4817 /* PBXContainerItemProxy */ = {
			isa = PBXContainerItemProxy;
			containerPortal = 29A1CBA92D0D7C0A004C4817 /* Project object */;
			proxyType = 1;
			remoteGlobalIDString = 29A1CBB02D0D7C0A004C4817;
			remoteInfo = MyStore;
		};
/* End PBXContainerItemProxy section */

/* Begin PBXFileReference section */
		2947C9462D0D7E7800937F5B /* Product.swift */ = {isa = PBXFileReference; lastKnownFileType = sourcecode.swift; path = Product.swift; sourceTree = "<group>"; };
		2947C9492D0D818B00937F5B /* APIConstants.swift */ = {isa = PBXFileReference; lastKnownFileType = sourcecode.swift; path = APIConstants.swift; sourceTree = "<group>"; };
		2947C94B2D0D81B500937F5B /* NetworkError.swift */ = {isa = PBXFileReference; lastKnownFileType = sourcecode.swift; path = NetworkError.swift; sourceTree = "<group>"; };
		2947C94D2D0DDF1800937F5B /* Coordinator.swift */ = {isa = PBXFileReference; lastKnownFileType = sourcecode.swift; path = Coordinator.swift; sourceTree = "<group>"; };
		2947C94F2D0DDFAD00937F5B /* MainTabBarController.swift */ = {isa = PBXFileReference; lastKnownFileType = sourcecode.swift; path = MainTabBarController.swift; sourceTree = "<group>"; };
		2947C9512D0E041400937F5B /* HomeScreenCoordinator.swift */ = {isa = PBXFileReference; lastKnownFileType = sourcecode.swift; path = HomeScreenCoordinator.swift; sourceTree = "<group>"; };
		2947C9532D0E041E00937F5B /* ExploreScreenCoordinator.swift */ = {isa = PBXFileReference; lastKnownFileType = sourcecode.swift; path = ExploreScreenCoordinator.swift; sourceTree = "<group>"; };
		2947C9552D0E042800937F5B /* ProfileScreenCoordinator.swift */ = {isa = PBXFileReference; lastKnownFileType = sourcecode.swift; path = ProfileScreenCoordinator.swift; sourceTree = "<group>"; };
		2947C9572D0E043100937F5B /* CartScreenCoordinator.swift */ = {isa = PBXFileReference; lastKnownFileType = sourcecode.swift; path = CartScreenCoordinator.swift; sourceTree = "<group>"; };
		2947C9592D0E2D4C00937F5B /* TabCoordinator.swift */ = {isa = PBXFileReference; lastKnownFileType = sourcecode.swift; path = TabCoordinator.swift; sourceTree = "<group>"; };
		2947C95B2D0E2DA700937F5B /* TabBarPage.swift */ = {isa = PBXFileReference; lastKnownFileType = sourcecode.swift; path = TabBarPage.swift; sourceTree = "<group>"; };
		2947C95D2D0E2F9300937F5B /* HomeScreenViewController.swift */ = {isa = PBXFileReference; lastKnownFileType = sourcecode.swift; path = HomeScreenViewController.swift; sourceTree = "<group>"; };
		2947C95F2D0E2F9C00937F5B /* ExploreScreenViewController.swift */ = {isa = PBXFileReference; lastKnownFileType = sourcecode.swift; path = ExploreScreenViewController.swift; sourceTree = "<group>"; };
		2947C9612D0E2FA400937F5B /* ProfileScreenViewController.swift */ = {isa = PBXFileReference; lastKnownFileType = sourcecode.swift; path = ProfileScreenViewController.swift; sourceTree = "<group>"; };
		2947C9632D0E2FAE00937F5B /* CartScreenViewController.swift */ = {isa = PBXFileReference; lastKnownFileType = sourcecode.swift; path = CartScreenViewController.swift; sourceTree = "<group>"; };
		2947C9652D0EE7F300937F5B /* Storyboarded.swift */ = {isa = PBXFileReference; lastKnownFileType = sourcecode.swift; path = Storyboarded.swift; sourceTree = "<group>"; };
		29A1CBB12D0D7C0A004C4817 /* MyStore.app */ = {isa = PBXFileReference; explicitFileType = wrapper.application; includeInIndex = 0; path = MyStore.app; sourceTree = BUILT_PRODUCTS_DIR; };
		29A1CBB42D0D7C0A004C4817 /* AppDelegate.swift */ = {isa = PBXFileReference; lastKnownFileType = sourcecode.swift; path = AppDelegate.swift; sourceTree = "<group>"; };
		29A1CBB62D0D7C0A004C4817 /* SceneDelegate.swift */ = {isa = PBXFileReference; lastKnownFileType = sourcecode.swift; path = SceneDelegate.swift; sourceTree = "<group>"; };
		29A1CBB82D0D7C0A004C4817 /* ViewController.swift */ = {isa = PBXFileReference; lastKnownFileType = sourcecode.swift; path = ViewController.swift; sourceTree = "<group>"; };
		29A1CBBB2D0D7C0A004C4817 /* Base */ = {isa = PBXFileReference; lastKnownFileType = file.storyboard; name = Base; path = Base.lproj/Main.storyboard; sourceTree = "<group>"; };
		29A1CBBD2D0D7C0D004C4817 /* Assets.xcassets */ = {isa = PBXFileReference; lastKnownFileType = folder.assetcatalog; path = Assets.xcassets; sourceTree = "<group>"; };
		29A1CBC02D0D7C0D004C4817 /* Base */ = {isa = PBXFileReference; lastKnownFileType = file.storyboard; name = Base; path = Base.lproj/LaunchScreen.storyboard; sourceTree = "<group>"; };
		29A1CBC22D0D7C0D004C4817 /* Info.plist */ = {isa = PBXFileReference; lastKnownFileType = text.plist.xml; path = Info.plist; sourceTree = "<group>"; };
		29A1CBC72D0D7C0D004C4817 /* MyStoreTests.xctest */ = {isa = PBXFileReference; explicitFileType = wrapper.cfbundle; includeInIndex = 0; path = MyStoreTests.xctest; sourceTree = BUILT_PRODUCTS_DIR; };
		29A1CBCB2D0D7C0D004C4817 /* MyStoreTests.swift */ = {isa = PBXFileReference; lastKnownFileType = sourcecode.swift; path = MyStoreTests.swift; sourceTree = "<group>"; };
		29A1CBD12D0D7C0D004C4817 /* MyStoreUITests.xctest */ = {isa = PBXFileReference; explicitFileType = wrapper.cfbundle; includeInIndex = 0; path = MyStoreUITests.xctest; sourceTree = BUILT_PRODUCTS_DIR; };
		29A1CBD52D0D7C0D004C4817 /* MyStoreUITests.swift */ = {isa = PBXFileReference; lastKnownFileType = sourcecode.swift; path = MyStoreUITests.swift; sourceTree = "<group>"; };
		29A1CBD72D0D7C0D004C4817 /* MyStoreUITestsLaunchTests.swift */ = {isa = PBXFileReference; lastKnownFileType = sourcecode.swift; path = MyStoreUITestsLaunchTests.swift; sourceTree = "<group>"; };
/* End PBXFileReference section */

/* Begin PBXFrameworksBuildPhase section */
		29A1CBAE2D0D7C0A004C4817 /* Frameworks */ = {
			isa = PBXFrameworksBuildPhase;
			buildActionMask = 2147483647;
			files = (
			);
			runOnlyForDeploymentPostprocessing = 0;
		};
		29A1CBC42D0D7C0D004C4817 /* Frameworks */ = {
			isa = PBXFrameworksBuildPhase;
			buildActionMask = 2147483647;
			files = (
			);
			runOnlyForDeploymentPostprocessing = 0;
		};
		29A1CBCE2D0D7C0D004C4817 /* Frameworks */ = {
			isa = PBXFrameworksBuildPhase;
			buildActionMask = 2147483647;
			files = (
			);
			runOnlyForDeploymentPostprocessing = 0;
		};
/* End PBXFrameworksBuildPhase section */

/* Begin PBXGroup section */
		2947C9432D0D7DC700937F5B /* Modules */ = {
			isa = PBXGroup;
			children = (
				2947C9442D0D7DD200937F5B /* Coordinators */,
				2947C95B2D0E2DA700937F5B /* TabBarPage.swift */,
				2947C95D2D0E2F9300937F5B /* HomeScreenViewController.swift */,
				2947C95F2D0E2F9C00937F5B /* ExploreScreenViewController.swift */,
				2947C9612D0E2FA400937F5B /* ProfileScreenViewController.swift */,
				2947C9632D0E2FAE00937F5B /* CartScreenViewController.swift */,
				2947C9652D0EE7F300937F5B /* Storyboarded.swift */,
			);
			path = Modules;
			sourceTree = "<group>";
		};
		2947C9442D0D7DD200937F5B /* Coordinators */ = {
			isa = PBXGroup;
			children = (
				2947C94D2D0DDF1800937F5B /* Coordinator.swift */,
				2947C9512D0E041400937F5B /* HomeScreenCoordinator.swift */,
				2947C9532D0E041E00937F5B /* ExploreScreenCoordinator.swift */,
				2947C9552D0E042800937F5B /* ProfileScreenCoordinator.swift */,
				2947C9572D0E043100937F5B /* CartScreenCoordinator.swift */,
				2947C9592D0E2D4C00937F5B /* TabCoordinator.swift */,
			);
			path = Coordinators;
			sourceTree = "<group>";
		};
		2947C9452D0D7E6D00937F5B /* Model */ = {
			isa = PBXGroup;
			children = (
				2947C9462D0D7E7800937F5B /* Product.swift */,
			);
			path = Model;
			sourceTree = "<group>";
		};
		2947C9482D0D815A00937F5B /* Network */ = {
			isa = PBXGroup;
			children = (
				2947C9492D0D818B00937F5B /* APIConstants.swift */,
				2947C94B2D0D81B500937F5B /* NetworkError.swift */,
			);
			path = Network;
			sourceTree = "<group>";
		};
		29A1CBA82D0D7C0A004C4817 = {
			isa = PBXGroup;
			children = (
				29A1CBB32D0D7C0A004C4817 /* MyStore */,
				29A1CBCA2D0D7C0D004C4817 /* MyStoreTests */,
				29A1CBD42D0D7C0D004C4817 /* MyStoreUITests */,
				29A1CBB22D0D7C0A004C4817 /* Products */,
			);
			sourceTree = "<group>";
		};
		29A1CBB22D0D7C0A004C4817 /* Products */ = {
			isa = PBXGroup;
			children = (
				29A1CBB12D0D7C0A004C4817 /* MyStore.app */,
				29A1CBC72D0D7C0D004C4817 /* MyStoreTests.xctest */,
				29A1CBD12D0D7C0D004C4817 /* MyStoreUITests.xctest */,
			);
			name = Products;
			sourceTree = "<group>";
		};
		29A1CBB32D0D7C0A004C4817 /* MyStore */ = {
			isa = PBXGroup;
			children = (
				2947C9482D0D815A00937F5B /* Network */,
				2947C9452D0D7E6D00937F5B /* Model */,
				2947C9432D0D7DC700937F5B /* Modules */,
				29A1CBB42D0D7C0A004C4817 /* AppDelegate.swift */,
				29A1CBB62D0D7C0A004C4817 /* SceneDelegate.swift */,
				29A1CBB82D0D7C0A004C4817 /* ViewController.swift */,
				29A1CBBA2D0D7C0A004C4817 /* Main.storyboard */,
				29A1CBBD2D0D7C0D004C4817 /* Assets.xcassets */,
				29A1CBBF2D0D7C0D004C4817 /* LaunchScreen.storyboard */,
				29A1CBC22D0D7C0D004C4817 /* Info.plist */,
				2947C94F2D0DDFAD00937F5B /* MainTabBarController.swift */,
			);
			path = MyStore;
			sourceTree = "<group>";
		};
		29A1CBCA2D0D7C0D004C4817 /* MyStoreTests */ = {
			isa = PBXGroup;
			children = (
				29A1CBCB2D0D7C0D004C4817 /* MyStoreTests.swift */,
			);
			path = MyStoreTests;
			sourceTree = "<group>";
		};
		29A1CBD42D0D7C0D004C4817 /* MyStoreUITests */ = {
			isa = PBXGroup;
			children = (
				29A1CBD52D0D7C0D004C4817 /* MyStoreUITests.swift */,
				29A1CBD72D0D7C0D004C4817 /* MyStoreUITestsLaunchTests.swift */,
			);
			path = MyStoreUITests;
			sourceTree = "<group>";
		};
/* End PBXGroup section */

/* Begin PBXNativeTarget section */
		29A1CBB02D0D7C0A004C4817 /* MyStore */ = {
			isa = PBXNativeTarget;
			buildConfigurationList = 29A1CBDB2D0D7C0D004C4817 /* Build configuration list for PBXNativeTarget "MyStore" */;
			buildPhases = (
				29A1CBAD2D0D7C0A004C4817 /* Sources */,
				29A1CBAE2D0D7C0A004C4817 /* Frameworks */,
				29A1CBAF2D0D7C0A004C4817 /* Resources */,
			);
			buildRules = (
			);
			dependencies = (
			);
			name = MyStore;
			productName = MyStore;
			productReference = 29A1CBB12D0D7C0A004C4817 /* MyStore.app */;
			productType = "com.apple.product-type.application";
		};
		29A1CBC62D0D7C0D004C4817 /* MyStoreTests */ = {
			isa = PBXNativeTarget;
			buildConfigurationList = 29A1CBDE2D0D7C0D004C4817 /* Build configuration list for PBXNativeTarget "MyStoreTests" */;
			buildPhases = (
				29A1CBC32D0D7C0D004C4817 /* Sources */,
				29A1CBC42D0D7C0D004C4817 /* Frameworks */,
				29A1CBC52D0D7C0D004C4817 /* Resources */,
			);
			buildRules = (
			);
			dependencies = (
				29A1CBC92D0D7C0D004C4817 /* PBXTargetDependency */,
			);
			name = MyStoreTests;
			productName = MyStoreTests;
			productReference = 29A1CBC72D0D7C0D004C4817 /* MyStoreTests.xctest */;
			productType = "com.apple.product-type.bundle.unit-test";
		};
		29A1CBD02D0D7C0D004C4817 /* MyStoreUITests */ = {
			isa = PBXNativeTarget;
			buildConfigurationList = 29A1CBE12D0D7C0D004C4817 /* Build configuration list for PBXNativeTarget "MyStoreUITests" */;
			buildPhases = (
				29A1CBCD2D0D7C0D004C4817 /* Sources */,
				29A1CBCE2D0D7C0D004C4817 /* Frameworks */,
				29A1CBCF2D0D7C0D004C4817 /* Resources */,
			);
			buildRules = (
			);
			dependencies = (
				29A1CBD32D0D7C0D004C4817 /* PBXTargetDependency */,
			);
			name = MyStoreUITests;
			productName = MyStoreUITests;
			productReference = 29A1CBD12D0D7C0D004C4817 /* MyStoreUITests.xctest */;
			productType = "com.apple.product-type.bundle.ui-testing";
		};
/* End PBXNativeTarget section */

/* Begin PBXProject section */
		29A1CBA92D0D7C0A004C4817 /* Project object */ = {
			isa = PBXProject;
			attributes = {
				BuildIndependentTargetsInParallel = 1;
				LastSwiftUpdateCheck = 1520;
				LastUpgradeCheck = 1520;
				TargetAttributes = {
					29A1CBB02D0D7C0A004C4817 = {
						CreatedOnToolsVersion = 15.2;
					};
					29A1CBC62D0D7C0D004C4817 = {
						CreatedOnToolsVersion = 15.2;
						TestTargetID = 29A1CBB02D0D7C0A004C4817;
					};
					29A1CBD02D0D7C0D004C4817 = {
						CreatedOnToolsVersion = 15.2;
						TestTargetID = 29A1CBB02D0D7C0A004C4817;
					};
				};
			};
			buildConfigurationList = 29A1CBAC2D0D7C0A004C4817 /* Build configuration list for PBXProject "MyStore" */;
			compatibilityVersion = "Xcode 14.0";
			developmentRegion = en;
			hasScannedForEncodings = 0;
			knownRegions = (
				en,
				Base,
			);
			mainGroup = 29A1CBA82D0D7C0A004C4817;
			productRefGroup = 29A1CBB22D0D7C0A004C4817 /* Products */;
			projectDirPath = "";
			projectRoot = "";
			targets = (
				29A1CBB02D0D7C0A004C4817 /* MyStore */,
				29A1CBC62D0D7C0D004C4817 /* MyStoreTests */,
				29A1CBD02D0D7C0D004C4817 /* MyStoreUITests */,
			);
		};
/* End PBXProject section */

/* Begin PBXResourcesBuildPhase section */
		29A1CBAF2D0D7C0A004C4817 /* Resources */ = {
			isa = PBXResourcesBuildPhase;
			buildActionMask = 2147483647;
			files = (
				29A1CBC12D0D7C0D004C4817 /* LaunchScreen.storyboard in Resources */,
				29A1CBBE2D0D7C0D004C4817 /* Assets.xcassets in Resources */,
				29A1CBBC2D0D7C0A004C4817 /* Main.storyboard in Resources */,
			);
			runOnlyForDeploymentPostprocessing = 0;
		};
		29A1CBC52D0D7C0D004C4817 /* Resources */ = {
			isa = PBXResourcesBuildPhase;
			buildActionMask = 2147483647;
			files = (
			);
			runOnlyForDeploymentPostprocessing = 0;
		};
		29A1CBCF2D0D7C0D004C4817 /* Resources */ = {
			isa = PBXResourcesBuildPhase;
			buildActionMask = 2147483647;
			files = (
			);
			runOnlyForDeploymentPostprocessing = 0;
		};
/* End PBXResourcesBuildPhase section */

/* Begin PBXSourcesBuildPhase section */
		29A1CBAD2D0D7C0A004C4817 /* Sources */ = {
			isa = PBXSourcesBuildPhase;
			buildActionMask = 2147483647;
			files = (
				2947C9542D0E041E00937F5B /* ExploreScreenCoordinator.swift in Sources */,
				29A1CBB92D0D7C0A004C4817 /* ViewController.swift in Sources */,
				2947C94A2D0D818B00937F5B /* APIConstants.swift in Sources */,
				2947C95A2D0E2D4C00937F5B /* TabCoordinator.swift in Sources */,
				2947C9472D0D7E7800937F5B /* Product.swift in Sources */,
				2947C9582D0E043100937F5B /* CartScreenCoordinator.swift in Sources */,
				2947C9522D0E041400937F5B /* HomeScreenCoordinator.swift in Sources */,
				2947C94C2D0D81B500937F5B /* NetworkError.swift in Sources */,
				2947C9622D0E2FA400937F5B /* ProfileScreenViewController.swift in Sources */,
				29A1CBB52D0D7C0A004C4817 /* AppDelegate.swift in Sources */,
				2947C9562D0E042800937F5B /* ProfileScreenCoordinator.swift in Sources */,
				2947C9502D0DDFAD00937F5B /* MainTabBarController.swift in Sources */,
				29A1CBB72D0D7C0A004C4817 /* SceneDelegate.swift in Sources */,
				2947C95C2D0E2DA700937F5B /* TabBarPage.swift in Sources */,
				2947C94E2D0DDF1800937F5B /* Coordinator.swift in Sources */,
				2947C9602D0E2F9C00937F5B /* ExploreScreenViewController.swift in Sources */,
				2947C9642D0E2FAE00937F5B /* CartScreenViewController.swift in Sources */,
				2947C9662D0EE7F300937F5B /* Storyboarded.swift in Sources */,
				2947C95E2D0E2F9300937F5B /* HomeScreenViewController.swift in Sources */,
			);
			runOnlyForDeploymentPostprocessing = 0;
		};
		29A1CBC32D0D7C0D004C4817 /* Sources */ = {
			isa = PBXSourcesBuildPhase;
			buildActionMask = 2147483647;
			files = (
				29A1CBCC2D0D7C0D004C4817 /* MyStoreTests.swift in Sources */,
			);
			runOnlyForDeploymentPostprocessing = 0;
		};
		29A1CBCD2D0D7C0D004C4817 /* Sources */ = {
			isa = PBXSourcesBuildPhase;
			buildActionMask = 2147483647;
			files = (
				29A1CBD82D0D7C0D004C4817 /* MyStoreUITestsLaunchTests.swift in Sources */,
				29A1CBD62D0D7C0D004C4817 /* MyStoreUITests.swift in Sources */,
			);
			runOnlyForDeploymentPostprocessing = 0;
		};
/* End PBXSourcesBuildPhase section */

/* Begin PBXTargetDependency section */
		29A1CBC92D0D7C0D004C4817 /* PBXTargetDependency */ = {
			isa = PBXTargetDependency;
			target = 29A1CBB02D0D7C0A004C4817 /* MyStore */;
			targetProxy = 29A1CBC82D0D7C0D004C4817 /* PBXContainerItemProxy */;
		};
		29A1CBD32D0D7C0D004C4817 /* PBXTargetDependency */ = {
			isa = PBXTargetDependency;
			target = 29A1CBB02D0D7C0A004C4817 /* MyStore */;
			targetProxy = 29A1CBD22D0D7C0D004C4817 /* PBXContainerItemProxy */;
		};
/* End PBXTargetDependency section */

/* Begin PBXVariantGroup section */
		29A1CBBA2D0D7C0A004C4817 /* Main.storyboard */ = {
			isa = PBXVariantGroup;
			children = (
				29A1CBBB2D0D7C0A004C4817 /* Base */,
			);
			name = Main.storyboard;
			sourceTree = "<group>";
		};
		29A1CBBF2D0D7C0D004C4817 /* LaunchScreen.storyboard */ = {
			isa = PBXVariantGroup;
			children = (
				29A1CBC02D0D7C0D004C4817 /* Base */,
			);
			name = LaunchScreen.storyboard;
			sourceTree = "<group>";
		};
/* End PBXVariantGroup section */

/* Begin XCBuildConfiguration section */
		29A1CBD92D0D7C0D004C4817 /* Debug */ = {
			isa = XCBuildConfiguration;
			buildSettings = {
				ALWAYS_SEARCH_USER_PATHS = NO;
				ASSETCATALOG_COMPILER_GENERATE_SWIFT_ASSET_SYMBOL_EXTENSIONS = YES;
				CLANG_ANALYZER_NONNULL = YES;
				CLANG_ANALYZER_NUMBER_OBJECT_CONVERSION = YES_AGGRESSIVE;
				CLANG_CXX_LANGUAGE_STANDARD = "gnu++20";
				CLANG_ENABLE_MODULES = YES;
				CLANG_ENABLE_OBJC_ARC = YES;
				CLANG_ENABLE_OBJC_WEAK = YES;
				CLANG_WARN_BLOCK_CAPTURE_AUTORELEASING = YES;
				CLANG_WARN_BOOL_CONVERSION = YES;
				CLANG_WARN_COMMA = YES;
				CLANG_WARN_CONSTANT_CONVERSION = YES;
				CLANG_WARN_DEPRECATED_OBJC_IMPLEMENTATIONS = YES;
				CLANG_WARN_DIRECT_OBJC_ISA_USAGE = YES_ERROR;
				CLANG_WARN_DOCUMENTATION_COMMENTS = YES;
				CLANG_WARN_EMPTY_BODY = YES;
				CLANG_WARN_ENUM_CONVERSION = YES;
				CLANG_WARN_INFINITE_RECURSION = YES;
				CLANG_WARN_INT_CONVERSION = YES;
				CLANG_WARN_NON_LITERAL_NULL_CONVERSION = YES;
				CLANG_WARN_OBJC_IMPLICIT_RETAIN_SELF = YES;
				CLANG_WARN_OBJC_LITERAL_CONVERSION = YES;
				CLANG_WARN_OBJC_ROOT_CLASS = YES_ERROR;
				CLANG_WARN_QUOTED_INCLUDE_IN_FRAMEWORK_HEADER = YES;
				CLANG_WARN_RANGE_LOOP_ANALYSIS = YES;
				CLANG_WARN_STRICT_PROTOTYPES = YES;
				CLANG_WARN_SUSPICIOUS_MOVE = YES;
				CLANG_WARN_UNGUARDED_AVAILABILITY = YES_AGGRESSIVE;
				CLANG_WARN_UNREACHABLE_CODE = YES;
				CLANG_WARN__DUPLICATE_METHOD_MATCH = YES;
				COPY_PHASE_STRIP = NO;
				DEBUG_INFORMATION_FORMAT = dwarf;
				ENABLE_STRICT_OBJC_MSGSEND = YES;
				ENABLE_TESTABILITY = YES;
				ENABLE_USER_SCRIPT_SANDBOXING = YES;
				GCC_C_LANGUAGE_STANDARD = gnu17;
				GCC_DYNAMIC_NO_PIC = NO;
				GCC_NO_COMMON_BLOCKS = YES;
				GCC_OPTIMIZATION_LEVEL = 0;
				GCC_PREPROCESSOR_DEFINITIONS = (
					"DEBUG=1",
					"$(inherited)",
				);
				GCC_WARN_64_TO_32_BIT_CONVERSION = YES;
				GCC_WARN_ABOUT_RETURN_TYPE = YES_ERROR;
				GCC_WARN_UNDECLARED_SELECTOR = YES;
				GCC_WARN_UNINITIALIZED_AUTOS = YES_AGGRESSIVE;
				GCC_WARN_UNUSED_FUNCTION = YES;
				GCC_WARN_UNUSED_VARIABLE = YES;
				IPHONEOS_DEPLOYMENT_TARGET = 17.2;
				LOCALIZATION_PREFERS_STRING_CATALOGS = YES;
				MTL_ENABLE_DEBUG_INFO = INCLUDE_SOURCE;
				MTL_FAST_MATH = YES;
				ONLY_ACTIVE_ARCH = YES;
				SDKROOT = iphoneos;
				SWIFT_ACTIVE_COMPILATION_CONDITIONS = "DEBUG $(inherited)";
				SWIFT_OPTIMIZATION_LEVEL = "-Onone";
			};
			name = Debug;
		};
		29A1CBDA2D0D7C0D004C4817 /* Release */ = {
			isa = XCBuildConfiguration;
			buildSettings = {
				ALWAYS_SEARCH_USER_PATHS = NO;
				ASSETCATALOG_COMPILER_GENERATE_SWIFT_ASSET_SYMBOL_EXTENSIONS = YES;
				CLANG_ANALYZER_NONNULL = YES;
				CLANG_ANALYZER_NUMBER_OBJECT_CONVERSION = YES_AGGRESSIVE;
				CLANG_CXX_LANGUAGE_STANDARD = "gnu++20";
				CLANG_ENABLE_MODULES = YES;
				CLANG_ENABLE_OBJC_ARC = YES;
				CLANG_ENABLE_OBJC_WEAK = YES;
				CLANG_WARN_BLOCK_CAPTURE_AUTORELEASING = YES;
				CLANG_WARN_BOOL_CONVERSION = YES;
				CLANG_WARN_COMMA = YES;
				CLANG_WARN_CONSTANT_CONVERSION = YES;
				CLANG_WARN_DEPRECATED_OBJC_IMPLEMENTATIONS = YES;
				CLANG_WARN_DIRECT_OBJC_ISA_USAGE = YES_ERROR;
				CLANG_WARN_DOCUMENTATION_COMMENTS = YES;
				CLANG_WARN_EMPTY_BODY = YES;
				CLANG_WARN_ENUM_CONVERSION = YES;
				CLANG_WARN_INFINITE_RECURSION = YES;
				CLANG_WARN_INT_CONVERSION = YES;
				CLANG_WARN_NON_LITERAL_NULL_CONVERSION = YES;
				CLANG_WARN_OBJC_IMPLICIT_RETAIN_SELF = YES;
				CLANG_WARN_OBJC_LITERAL_CONVERSION = YES;
				CLANG_WARN_OBJC_ROOT_CLASS = YES_ERROR;
				CLANG_WARN_QUOTED_INCLUDE_IN_FRAMEWORK_HEADER = YES;
				CLANG_WARN_RANGE_LOOP_ANALYSIS = YES;
				CLANG_WARN_STRICT_PROTOTYPES = YES;
				CLANG_WARN_SUSPICIOUS_MOVE = YES;
				CLANG_WARN_UNGUARDED_AVAILABILITY = YES_AGGRESSIVE;
				CLANG_WARN_UNREACHABLE_CODE = YES;
				CLANG_WARN__DUPLICATE_METHOD_MATCH = YES;
				COPY_PHASE_STRIP = NO;
				DEBUG_INFORMATION_FORMAT = "dwarf-with-dsym";
				ENABLE_NS_ASSERTIONS = NO;
				ENABLE_STRICT_OBJC_MSGSEND = YES;
				ENABLE_USER_SCRIPT_SANDBOXING = YES;
				GCC_C_LANGUAGE_STANDARD = gnu17;
				GCC_NO_COMMON_BLOCKS = YES;
				GCC_WARN_64_TO_32_BIT_CONVERSION = YES;
				GCC_WARN_ABOUT_RETURN_TYPE = YES_ERROR;
				GCC_WARN_UNDECLARED_SELECTOR = YES;
				GCC_WARN_UNINITIALIZED_AUTOS = YES_AGGRESSIVE;
				GCC_WARN_UNUSED_FUNCTION = YES;
				GCC_WARN_UNUSED_VARIABLE = YES;
				IPHONEOS_DEPLOYMENT_TARGET = 17.2;
				LOCALIZATION_PREFERS_STRING_CATALOGS = YES;
				MTL_ENABLE_DEBUG_INFO = NO;
				MTL_FAST_MATH = YES;
				SDKROOT = iphoneos;
				SWIFT_COMPILATION_MODE = wholemodule;
				VALIDATE_PRODUCT = YES;
			};
			name = Release;
		};
		29A1CBDC2D0D7C0D004C4817 /* Debug */ = {
			isa = XCBuildConfiguration;
			buildSettings = {
				ASSETCATALOG_COMPILER_APPICON_NAME = AppIcon;
				ASSETCATALOG_COMPILER_GLOBAL_ACCENT_COLOR_NAME = AccentColor;
				CODE_SIGN_STYLE = Automatic;
				CURRENT_PROJECT_VERSION = 1;
				GENERATE_INFOPLIST_FILE = YES;
				INFOPLIST_FILE = MyStore/Info.plist;
				INFOPLIST_KEY_UIApplicationSupportsIndirectInputEvents = YES;
				INFOPLIST_KEY_UILaunchStoryboardName = LaunchScreen;
				INFOPLIST_KEY_UIMainStoryboardFile = Main;
				INFOPLIST_KEY_UISupportedInterfaceOrientations_iPad = "UIInterfaceOrientationPortrait UIInterfaceOrientationPortraitUpsideDown UIInterfaceOrientationLandscapeLeft UIInterfaceOrientationLandscapeRight";
				INFOPLIST_KEY_UISupportedInterfaceOrientations_iPhone = "UIInterfaceOrientationPortrait UIInterfaceOrientationLandscapeLeft UIInterfaceOrientationLandscapeRight";
				LD_RUNPATH_SEARCH_PATHS = (
					"$(inherited)",
					"@executable_path/Frameworks",
				);
				MARKETING_VERSION = 1.0;
				PRODUCT_BUNDLE_IDENTIFIER = com.MyStore;
				PRODUCT_NAME = "$(TARGET_NAME)";
				SWIFT_EMIT_LOC_STRINGS = YES;
				SWIFT_VERSION = 5.0;
				TARGETED_DEVICE_FAMILY = "1,2";
			};
			name = Debug;
		};
		29A1CBDD2D0D7C0D004C4817 /* Release */ = {
			isa = XCBuildConfiguration;
			buildSettings = {
				ASSETCATALOG_COMPILER_APPICON_NAME = AppIcon;
				ASSETCATALOG_COMPILER_GLOBAL_ACCENT_COLOR_NAME = AccentColor;
				CODE_SIGN_STYLE = Automatic;
				CURRENT_PROJECT_VERSION = 1;
				GENERATE_INFOPLIST_FILE = YES;
				INFOPLIST_FILE = MyStore/Info.plist;
				INFOPLIST_KEY_UIApplicationSupportsIndirectInputEvents = YES;
				INFOPLIST_KEY_UILaunchStoryboardName = LaunchScreen;
				INFOPLIST_KEY_UIMainStoryboardFile = Main;
				INFOPLIST_KEY_UISupportedInterfaceOrientations_iPad = "UIInterfaceOrientationPortrait UIInterfaceOrientationPortraitUpsideDown UIInterfaceOrientationLandscapeLeft UIInterfaceOrientationLandscapeRight";
				INFOPLIST_KEY_UISupportedInterfaceOrientations_iPhone = "UIInterfaceOrientationPortrait UIInterfaceOrientationLandscapeLeft UIInterfaceOrientationLandscapeRight";
				LD_RUNPATH_SEARCH_PATHS = (
					"$(inherited)",
					"@executable_path/Frameworks",
				);
				MARKETING_VERSION = 1.0;
				PRODUCT_BUNDLE_IDENTIFIER = com.MyStore;
				PRODUCT_NAME = "$(TARGET_NAME)";
				SWIFT_EMIT_LOC_STRINGS = YES;
				SWIFT_VERSION = 5.0;
				TARGETED_DEVICE_FAMILY = "1,2";
			};
			name = Release;
		};
		29A1CBDF2D0D7C0D004C4817 /* Debug */ = {
			isa = XCBuildConfiguration;
			buildSettings = {
				ALWAYS_EMBED_SWIFT_STANDARD_LIBRARIES = YES;
				BUNDLE_LOADER = "$(TEST_HOST)";
				CODE_SIGN_STYLE = Automatic;
				CURRENT_PROJECT_VERSION = 1;
				GENERATE_INFOPLIST_FILE = YES;
				IPHONEOS_DEPLOYMENT_TARGET = 17.2;
				MARKETING_VERSION = 1.0;
				PRODUCT_BUNDLE_IDENTIFIER = com.MyStoreTests;
				PRODUCT_NAME = "$(TARGET_NAME)";
				SWIFT_EMIT_LOC_STRINGS = NO;
				SWIFT_VERSION = 5.0;
				TARGETED_DEVICE_FAMILY = "1,2";
				TEST_HOST = "$(BUILT_PRODUCTS_DIR)/MyStore.app/$(BUNDLE_EXECUTABLE_FOLDER_PATH)/MyStore";
			};
			name = Debug;
		};
		29A1CBE02D0D7C0D004C4817 /* Release */ = {
			isa = XCBuildConfiguration;
			buildSettings = {
				ALWAYS_EMBED_SWIFT_STANDARD_LIBRARIES = YES;
				BUNDLE_LOADER = "$(TEST_HOST)";
				CODE_SIGN_STYLE = Automatic;
				CURRENT_PROJECT_VERSION = 1;
				GENERATE_INFOPLIST_FILE = YES;
				IPHONEOS_DEPLOYMENT_TARGET = 17.2;
				MARKETING_VERSION = 1.0;
				PRODUCT_BUNDLE_IDENTIFIER = com.MyStoreTests;
				PRODUCT_NAME = "$(TARGET_NAME)";
				SWIFT_EMIT_LOC_STRINGS = NO;
				SWIFT_VERSION = 5.0;
				TARGETED_DEVICE_FAMILY = "1,2";
				TEST_HOST = "$(BUILT_PRODUCTS_DIR)/MyStore.app/$(BUNDLE_EXECUTABLE_FOLDER_PATH)/MyStore";
			};
			name = Release;
		};
		29A1CBE22D0D7C0D004C4817 /* Debug */ = {
			isa = XCBuildConfiguration;
			buildSettings = {
				ALWAYS_EMBED_SWIFT_STANDARD_LIBRARIES = YES;
				CODE_SIGN_STYLE = Automatic;
				CURRENT_PROJECT_VERSION = 1;
				GENERATE_INFOPLIST_FILE = YES;
				MARKETING_VERSION = 1.0;
				PRODUCT_BUNDLE_IDENTIFIER = com.MyStoreUITests;
				PRODUCT_NAME = "$(TARGET_NAME)";
				SWIFT_EMIT_LOC_STRINGS = NO;
				SWIFT_VERSION = 5.0;
				TARGETED_DEVICE_FAMILY = "1,2";
				TEST_TARGET_NAME = MyStore;
			};
			name = Debug;
		};
		29A1CBE32D0D7C0D004C4817 /* Release */ = {
			isa = XCBuildConfiguration;
			buildSettings = {
				ALWAYS_EMBED_SWIFT_STANDARD_LIBRARIES = YES;
				CODE_SIGN_STYLE = Automatic;
				CURRENT_PROJECT_VERSION = 1;
				GENERATE_INFOPLIST_FILE = YES;
				MARKETING_VERSION = 1.0;
				PRODUCT_BUNDLE_IDENTIFIER = com.MyStoreUITests;
				PRODUCT_NAME = "$(TARGET_NAME)";
				SWIFT_EMIT_LOC_STRINGS = NO;
				SWIFT_VERSION = 5.0;
				TARGETED_DEVICE_FAMILY = "1,2";
				TEST_TARGET_NAME = MyStore;
			};
			name = Release;
		};
/* End XCBuildConfiguration section */

/* Begin XCConfigurationList section */
		29A1CBAC2D0D7C0A004C4817 /* Build configuration list for PBXProject "MyStore" */ = {
			isa = XCConfigurationList;
			buildConfigurations = (
				29A1CBD92D0D7C0D004C4817 /* Debug */,
				29A1CBDA2D0D7C0D004C4817 /* Release */,
			);
			defaultConfigurationIsVisible = 0;
			defaultConfigurationName = Release;
		};
		29A1CBDB2D0D7C0D004C4817 /* Build configuration list for PBXNativeTarget "MyStore" */ = {
			isa = XCConfigurationList;
			buildConfigurations = (
				29A1CBDC2D0D7C0D004C4817 /* Debug */,
				29A1CBDD2D0D7C0D004C4817 /* Release */,
			);
			defaultConfigurationIsVisible = 0;
			defaultConfigurationName = Release;
		};
		29A1CBDE2D0D7C0D004C4817 /* Build configuration list for PBXNativeTarget "MyStoreTests" */ = {
			isa = XCConfigurationList;
			buildConfigurations = (
				29A1CBDF2D0D7C0D004C4817 /* Debug */,
				29A1CBE02D0D7C0D004C4817 /* Release */,
			);
			defaultConfigurationIsVisible = 0;
			defaultConfigurationName = Release;
		};
		29A1CBE12D0D7C0D004C4817 /* Build configuration list for PBXNativeTarget "MyStoreUITests" */ = {
			isa = XCConfigurationList;
			buildConfigurations = (
				29A1CBE22D0D7C0D004C4817 /* Debug */,
				29A1CBE32D0D7C0D004C4817 /* Release */,
			);
			defaultConfigurationIsVisible = 0;
			defaultConfigurationName = Release;
		};
/* End XCConfigurationList section */
	};
	rootObject = 29A1CBA92D0D7C0A004C4817 /* Project object */;
}
